
Microsoft Visual Studio Solution File, Format Version 12.00
# Visual Studio Version 17
VisualStudioVersion = 17.11.35327.3
MinimumVisualStudioVersion = 10.0.40219.1
Project("{FAE04EC0-301F-11D3-BF4B-00C04F79EFBC}") = "ReactiveExample", "ReactiveExample\ReactiveExample.csproj", "{C35E4803-B4BB-46C9-9668-22BC522C4143}"
EndProject
Global
	GlobalSection(SolutionConfigurationPlatforms) = preSolution
		Debug|Any CPU = Debug|Any CPU
		Release|Any CPU = Release|Any CPU
	EndGlobalSection
	GlobalSection(ProjectConfigurationPlatforms) = postSolution
		{C35E4803-B4BB-46C9-9668-22BC522C4143}.Debug|Any CPU.ActiveCfg = Debug|Any CPU
		{C35E4803-B4BB-46C9-9668-22BC522C4143}.Debug|Any CPU.Build.0 = Debug|Any CPU
		{C35E4803-B4BB-46C9-9668-22BC522C4143}.Release|Any CPU.ActiveCfg = Release|Any CPU
		{C35E4803-B4BB-46C9-9668-22BC522C4143}.Release|Any CPU.Build.0 = Release|Any CPU
	EndGlobalSection
	GlobalSection(SolutionProperties) = preSolution
		HideSolutionNode = FALSE
	EndGlobalSection
	GlobalSection(ExtensibilityGlobals) = postSolution
		SolutionGuid = {77EC1DC0-CBE6-4B41-95EB-DE28CB699E7E}
	EndGlobalSection
EndGlobal
